
Microsoft Visual Studio Solution File, Format Version 12.00
# Visual Studio Version 17
VisualStudioVersion = 17.0.31903.59
MinimumVisualStudioVersion = 10.0.40219.1
Project("{2150E333-8FDC-42A3-9474-1A3956D46DE8}") = "src", "src", "{827E0CD3-B72D-47B6-A68D-7590B98EB39B}"
EndProject
Project("{FAE04EC0-301F-11D3-BF4B-00C04F79EFBC}") = "Cashly.Domain", "src\Cashly.Domain\Cashly.Domain.csproj", "{D8CF6F82-BF91-4A0E-B6B1-CD9774CB6E04}"
EndProject
Project("{FAE04EC0-301F-11D3-BF4B-00C04F79EFBC}") = "Cashly.Application", "src\Cashly.Application\Cashly.Application.csproj", "{D07DECBB-0769-402F-8D1E-BA917245CB15}"
EndProject
Project("{FAE04EC0-301F-11D3-BF4B-00C04F79EFBC}") = "Cashly.Infrastructure", "src\Cashly.Infrastructure\Cashly.Infrastructure.csproj", "{749D5B4C-DD33-41A2-9716-5D750CCA6D87}"
EndProject
Project("{FAE04EC0-301F-11D3-BF4B-00C04F79EFBC}") = "Cashly.Api", "src\Cashly.Api\Cashly.Api.csproj", "{3BABE932-0A1D-41B8-98F1-8506B1F43925}"
EndProject
Project("{2150E333-8FDC-42A3-9474-1A3956D46DE8}") = "tests", "tests", "{0AB3BF05-4346-4AA6-1389-037BE0695223}"
EndProject
Project("{FAE04EC0-301F-11D3-BF4B-00C04F79EFBC}") = "Cashly.Domain.UnitTests", "tests\Cashly.Domain.UnitTests\Cashly.Domain.UnitTests.csproj", "{D8EAB851-A307-417D-9D89-2C72D41954E8}"
EndProject
Project("{FAE04EC0-301F-11D3-BF4B-00C04F79EFBC}") = "Cashly.Application.UnitTests", "tests\Cashly.Application.UnitTests\Cashly.Application.UnitTests.csproj", "{FE70407A-F607-4CB0-8BBA-3A5FB6DF8C87}"
EndProject
Global
	GlobalSection(SolutionConfigurationPlatforms) = preSolution
		Debug|Any CPU = Debug|Any CPU
		Debug|x64 = Debug|x64
		Debug|x86 = Debug|x86
		Release|Any CPU = Release|Any CPU
		Release|x64 = Release|x64
		Release|x86 = Release|x86
	EndGlobalSection
	GlobalSection(ProjectConfigurationPlatforms) = postSolution
		{D8CF6F82-BF91-4A0E-B6B1-CD9774CB6E04}.Debug|Any CPU.ActiveCfg = Debug|Any CPU
		{D8CF6F82-BF91-4A0E-B6B1-CD9774CB6E04}.Debug|Any CPU.Build.0 = Debug|Any CPU
		{D8CF6F82-BF91-4A0E-B6B1-CD9774CB6E04}.Debug|x64.ActiveCfg = Debug|Any CPU
		{D8CF6F82-BF91-4A0E-B6B1-CD9774CB6E04}.Debug|x64.Build.0 = Debug|Any CPU
		{D8CF6F82-BF91-4A0E-B6B1-CD9774CB6E04}.Debug|x86.ActiveCfg = Debug|Any CPU
		{D8CF6F82-BF91-4A0E-B6B1-CD9774CB6E04}.Debug|x86.Build.0 = Debug|Any CPU
		{D8CF6F82-BF91-4A0E-B6B1-CD9774CB6E04}.Release|Any CPU.ActiveCfg = Release|Any CPU
		{D8CF6F82-BF91-4A0E-B6B1-CD9774CB6E04}.Release|Any CPU.Build.0 = Release|Any CPU
		{D8CF6F82-BF91-4A0E-B6B1-CD9774CB6E04}.Release|x64.ActiveCfg = Release|Any CPU
		{D8CF6F82-BF91-4A0E-B6B1-CD9774CB6E04}.Release|x64.Build.0 = Release|Any CPU
		{D8CF6F82-BF91-4A0E-B6B1-CD9774CB6E04}.Release|x86.ActiveCfg = Release|Any CPU
		{D8CF6F82-BF91-4A0E-B6B1-CD9774CB6E04}.Release|x86.Build.0 = Release|Any CPU
		{D07DECBB-0769-402F-8D1E-BA917245CB15}.Debug|Any CPU.ActiveCfg = Debug|Any CPU
		{D07DECBB-0769-402F-8D1E-BA917245CB15}.Debug|Any CPU.Build.0 = Debug|Any CPU
		{D07DECBB-0769-402F-8D1E-BA917245CB15}.Debug|x64.ActiveCfg = Debug|Any CPU
		{D07DECBB-0769-402F-8D1E-BA917245CB15}.Debug|x64.Build.0 = Debug|Any CPU
		{D07DECBB-0769-402F-8D1E-BA917245CB15}.Debug|x86.ActiveCfg = Debug|Any CPU
		{D07DECBB-0769-402F-8D1E-BA917245CB15}.Debug|x86.Build.0 = Debug|Any CPU
		{D07DECBB-0769-402F-8D1E-BA917245CB15}.Release|Any CPU.ActiveCfg = Release|Any CPU
		{D07DECBB-0769-402F-8D1E-BA917245CB15}.Release|Any CPU.Build.0 = Release|Any CPU
		{D07DECBB-0769-402F-8D1E-BA917245CB15}.Release|x64.ActiveCfg = Release|Any CPU
		{D07DECBB-0769-402F-8D1E-BA917245CB15}.Release|x64.Build.0 = Release|Any CPU
		{D07DECBB-0769-402F-8D1E-BA917245CB15}.Release|x86.ActiveCfg = Release|Any CPU
		{D07DECBB-0769-402F-8D1E-BA917245CB15}.Release|x86.Build.0 = Release|Any CPU
		{749D5B4C-DD33-41A2-9716-5D750CCA6D87}.Debug|Any CPU.ActiveCfg = Debug|Any CPU
		{749D5B4C-DD33-41A2-9716-5D750CCA6D87}.Debug|Any CPU.Build.0 = Debug|Any CPU
		{749D5B4C-DD33-41A2-9716-5D750CCA6D87}.Debug|x64.ActiveCfg = Debug|Any CPU
		{749D5B4C-DD33-41A2-9716-5D750CCA6D87}.Debug|x64.Build.0 = Debug|Any CPU
		{749D5B4C-DD33-41A2-9716-5D750CCA6D87}.Debug|x86.ActiveCfg = Debug|Any CPU
		{749D5B4C-DD33-41A2-9716-5D750CCA6D87}.Debug|x86.Build.0 = Debug|Any CPU
		{749D5B4C-DD33-41A2-9716-5D750CCA6D87}.Release|Any CPU.ActiveCfg = Release|Any CPU
		{749D5B4C-DD33-41A2-9716-5D750CCA6D87}.Release|Any CPU.Build.0 = Release|Any CPU
		{749D5B4C-DD33-41A2-9716-5D750CCA6D87}.Release|x64.ActiveCfg = Release|Any CPU
		{749D5B4C-DD33-41A2-9716-5D750CCA6D87}.Release|x64.Build.0 = Release|Any CPU
		{749D5B4C-DD33-41A2-9716-5D750CCA6D87}.Release|x86.ActiveCfg = Release|Any CPU
		{749D5B4C-DD33-41A2-9716-5D750CCA6D87}.Release|x86.Build.0 = Release|Any CPU
		{3BABE932-0A1D-41B8-98F1-8506B1F43925}.Debug|Any CPU.ActiveCfg = Debug|Any CPU
		{3BABE932-0A1D-41B8-98F1-8506B1F43925}.Debug|Any CPU.Build.0 = Debug|Any CPU
		{3BABE932-0A1D-41B8-98F1-8506B1F43925}.Debug|x64.ActiveCfg = Debug|Any CPU
		{3BABE932-0A1D-41B8-98F1-8506B1F43925}.Debug|x64.Build.0 = Debug|Any CPU
		{3BABE932-0A1D-41B8-98F1-8506B1F43925}.Debug|x86.ActiveCfg = Debug|Any CPU
		{3BABE932-0A1D-41B8-98F1-8506B1F43925}.Debug|x86.Build.0 = Debug|Any CPU
		{3BABE932-0A1D-41B8-98F1-8506B1F43925}.Release|Any CPU.ActiveCfg = Release|Any CPU
		{3BABE932-0A1D-41B8-98F1-8506B1F43925}.Release|Any CPU.Build.0 = Release|Any CPU
		{3BABE932-0A1D-41B8-98F1-8506B1F43925}.Release|x64.ActiveCfg = Release|Any CPU
		{3BABE932-0A1D-41B8-98F1-8506B1F43925}.Release|x64.Build.0 = Release|Any CPU
		{3BABE932-0A1D-41B8-98F1-8506B1F43925}.Release|x86.ActiveCfg = Release|Any CPU
		{3BABE932-0A1D-41B8-98F1-8506B1F43925}.Release|x86.Build.0 = Release|Any CPU
		{D8EAB851-A307-417D-9D89-2C72D41954E8}.Debug|Any CPU.ActiveCfg = Debug|Any CPU
		{D8EAB851-A307-417D-9D89-2C72D41954E8}.Debug|Any CPU.Build.0 = Debug|Any CPU
		{D8EAB851-A307-417D-9D89-2C72D41954E8}.Debug|x64.ActiveCfg = Debug|Any CPU
		{D8EAB851-A307-417D-9D89-2C72D41954E8}.Debug|x64.Build.0 = Debug|Any CPU
		{D8EAB851-A307-417D-9D89-2C72D41954E8}.Debug|x86.ActiveCfg = Debug|Any CPU
		{D8EAB851-A307-417D-9D89-2C72D41954E8}.Debug|x86.Build.0 = Debug|Any CPU
		{D8EAB851-A307-417D-9D89-2C72D41954E8}.Release|Any CPU.ActiveCfg = Release|Any CPU
		{D8EAB851-A307-417D-9D89-2C72D41954E8}.Release|Any CPU.Build.0 = Release|Any CPU
		{D8EAB851-A307-417D-9D89-2C72D41954E8}.Release|x64.ActiveCfg = Release|Any CPU
		{D8EAB851-A307-417D-9D89-2C72D41954E8}.Release|x64.Build.0 = Release|Any CPU
		{D8EAB851-A307-417D-9D89-2C72D41954E8}.Release|x86.ActiveCfg = Release|Any CPU
		{D8EAB851-A307-417D-9D89-2C72D41954E8}.Release|x86.Build.0 = Release|Any CPU
		{FE70407A-F607-4CB0-8BBA-3A5FB6DF8C87}.Debug|Any CPU.ActiveCfg = Debug|Any CPU
		{FE70407A-F607-4CB0-8BBA-3A5FB6DF8C87}.Debug|Any CPU.Build.0 = Debug|Any CPU
		{FE70407A-F607-4CB0-8BBA-3A5FB6DF8C87}.Debug|x64.ActiveCfg = Debug|Any CPU
		{FE70407A-F607-4CB0-8BBA-3A5FB6DF8C87}.Debug|x64.Build.0 = Debug|Any CPU
		{FE70407A-F607-4CB0-8BBA-3A5FB6DF8C87}.Debug|x86.ActiveCfg = Debug|Any CPU
		{FE70407A-F607-4CB0-8BBA-3A5FB6DF8C87}.Debug|x86.Build.0 = Debug|Any CPU
		{FE70407A-F607-4CB0-8BBA-3A5FB6DF8C87}.Release|Any CPU.ActiveCfg = Release|Any CPU
		{FE70407A-F607-4CB0-8BBA-3A5FB6DF8C87}.Release|Any CPU.Build.0 = Release|Any CPU
		{FE70407A-F607-4CB0-8BBA-3A5FB6DF8C87}.Release|x64.ActiveCfg = Release|Any CPU
		{FE70407A-F607-4CB0-8BBA-3A5FB6DF8C87}.Release|x64.Build.0 = Release|Any CPU
		{FE70407A-F607-4CB0-8BBA-3A5FB6DF8C87}.Release|x86.ActiveCfg = Release|Any CPU
		{FE70407A-F607-4CB0-8BBA-3A5FB6DF8C87}.Release|x86.Build.0 = Release|Any CPU
	EndGlobalSection
	GlobalSection(SolutionProperties) = preSolution
		HideSolutionNode = FALSE
	EndGlobalSection
	GlobalSection(NestedProjects) = preSolution
		{D8CF6F82-BF91-4A0E-B6B1-CD9774CB6E04} = {827E0CD3-B72D-47B6-A68D-7590B98EB39B}
		{D07DECBB-0769-402F-8D1E-BA917245CB15} = {827E0CD3-B72D-47B6-A68D-7590B98EB39B}
		{749D5B4C-DD33-41A2-9716-5D750CCA6D87} = {827E0CD3-B72D-47B6-A68D-7590B98EB39B}
		{3BABE932-0A1D-41B8-98F1-8506B1F43925} = {827E0CD3-B72D-47B6-A68D-7590B98EB39B}
		{D8EAB851-A307-417D-9D89-2C72D41954E8} = {0AB3BF05-4346-4AA6-1389-037BE0695223}
		{FE70407A-F607-4CB0-8BBA-3A5FB6DF8C87} = {0AB3BF05-4346-4AA6-1389-037BE0695223}
	EndGlobalSection
EndGlobal
